
Microsoft Visual Studio Solution File, Format Version 12.00
# Visual Studio Version 17
VisualStudioVersion = 17.7.34018.315
MinimumVisualStudioVersion = 10.0.40219.1
Project("{8BC9CEB8-8B4A-11D0-8D11-00A0C91BC942}") = "chp_1_hello_triangle", "chp_1_hello_triangle.vcxproj", "{78716CF0-E4AC-492E-8F6A-CFD48131F0D2}"
EndProject
Global
	GlobalSection(SolutionConfigurationPlatforms) = preSolution
		Debug|x64 = Debug|x64
		Debug|x86 = Debug|x86
		Release|x64 = Release|x64
		Release|x86 = Release|x86
	EndGlobalSection
	GlobalSection(ProjectConfigurationPlatforms) = postSolution
		{78716CF0-E4AC-492E-8F6A-CFD48131F0D2}.Debug|x64.ActiveCfg = Debug|x64
		{78716CF0-E4AC-492E-8F6A-CFD48131F0D2}.Debug|x64.Build.0 = Debug|x64
		{78716CF0-E4AC-492E-8F6A-CFD48131F0D2}.Debug|x86.ActiveCfg = Debug|Win32
		{78716CF0-E4AC-492E-8F6A-CFD48131F0D2}.Debug|x86.Build.0 = Debug|Win32
		{78716CF0-E4AC-492E-8F6A-CFD48131F0D2}.Release|x64.ActiveCfg = Release|x64
		{78716CF0-E4AC-492E-8F6A-CFD48131F0D2}.Release|x64.Build.0 = Release|x64
		{78716CF0-E4AC-492E-8F6A-CFD48131F0D2}.Release|x86.ActiveCfg = Release|Win32
		{78716CF0-E4AC-492E-8F6A-CFD48131F0D2}.Release|x86.Build.0 = Release|Win32
	EndGlobalSection
	GlobalSection(SolutionProperties) = preSolution
		HideSolutionNode = FALSE
	EndGlobalSection
	GlobalSection(ExtensibilityGlobals) = postSolution
		SolutionGuid = {72A1DA9F-7BB0-4E0A-97D9-1E0E8C575E61}
	EndGlobalSection
EndGlobal
